
Microsoft Visual Studio Solution File, Format Version 12.00
# Visual Studio Version 16
VisualStudioVersion = 16.0.32510.428
MinimumVisualStudioVersion = 10.0.40219.1
Project("{FAE04EC0-301F-11D3-BF4B-00C04F79EFBC}") = "Front-to-back", "Front-to-back\Front-to-back.csproj", "{0D99FC3D-A271-41F4-824A-4CAF83926034}"
EndProject
Global
	GlobalSection(SolutionConfigurationPlatforms) = preSolution
		Debug|Any CPU = Debug|Any CPU
		Release|Any CPU = Release|Any CPU
	EndGlobalSection
	GlobalSection(ProjectConfigurationPlatforms) = postSolution
		{0D99FC3D-A271-41F4-824A-4CAF83926034}.Debug|Any CPU.ActiveCfg = Debug|Any CPU
		{0D99FC3D-A271-41F4-824A-4CAF83926034}.Debug|Any CPU.Build.0 = Debug|Any CPU
		{0D99FC3D-A271-41F4-824A-4CAF83926034}.Release|Any CPU.ActiveCfg = Release|Any CPU
		{0D99FC3D-A271-41F4-824A-4CAF83926034}.Release|Any CPU.Build.0 = Release|Any CPU
	EndGlobalSection
	GlobalSection(SolutionProperties) = preSolution
		HideSolutionNode = FALSE
	EndGlobalSection
	GlobalSection(ExtensibilityGlobals) = postSolution
		SolutionGuid = {3F8D15AA-5125-45C7-90EF-BEAF1C187A66}
	EndGlobalSection
EndGlobal
